
Microsoft Visual Studio Solution File, Format Version 12.00
# Visual Studio 15
VisualStudioVersion = 15.0.28307.421
MinimumVisualStudioVersion = 10.0.40219.1
Project("{FAE04EC0-301F-11D3-BF4B-00C04F79EFBC}") = "ORDER_MANAGEMENT", "ORDER_MANAGEMENT\ORDER_MANAGEMENT.csproj", "{CF835EF6-4D9E-45E1-AED6-08032ECAFC92}"
EndProject
Project("{FAE04EC0-301F-11D3-BF4B-00C04F79EFBC}") = "ORDER_MANAGEMENT.API", "ORDER_MANAGEMENT.API\ORDER_MANAGEMENT.API.csproj", "{A893FCD4-5CE0-41C9-838C-92791F2AF241}"
EndProject
Project("{9A19103F-16F7-4668-BE54-9A1E7A4F7556}") = "ORDER_MANAGEMENT.Data", "ORDER_MANAGEMENT.Data\ORDER_MANAGEMENT.Data.csproj", "{E09A883D-7E31-48AD-987E-000ADE47DD59}"
EndProject
Global
	GlobalSection(SolutionConfigurationPlatforms) = preSolution
		Debug|Any CPU = Debug|Any CPU
		Release|Any CPU = Release|Any CPU
	EndGlobalSection
	GlobalSection(ProjectConfigurationPlatforms) = postSolution
		{CF835EF6-4D9E-45E1-AED6-08032ECAFC92}.Debug|Any CPU.ActiveCfg = Debug|Any CPU
		{CF835EF6-4D9E-45E1-AED6-08032ECAFC92}.Debug|Any CPU.Build.0 = Debug|Any CPU
		{CF835EF6-4D9E-45E1-AED6-08032ECAFC92}.Release|Any CPU.ActiveCfg = Release|Any CPU
		{CF835EF6-4D9E-45E1-AED6-08032ECAFC92}.Release|Any CPU.Build.0 = Release|Any CPU
		{A893FCD4-5CE0-41C9-838C-92791F2AF241}.Debug|Any CPU.ActiveCfg = Debug|Any CPU
		{A893FCD4-5CE0-41C9-838C-92791F2AF241}.Debug|Any CPU.Build.0 = Debug|Any CPU
		{A893FCD4-5CE0-41C9-838C-92791F2AF241}.Release|Any CPU.ActiveCfg = Release|Any CPU
		{A893FCD4-5CE0-41C9-838C-92791F2AF241}.Release|Any CPU.Build.0 = Release|Any CPU
		{E09A883D-7E31-48AD-987E-000ADE47DD59}.Debug|Any CPU.ActiveCfg = Debug|Any CPU
		{E09A883D-7E31-48AD-987E-000ADE47DD59}.Debug|Any CPU.Build.0 = Debug|Any CPU
		{E09A883D-7E31-48AD-987E-000ADE47DD59}.Release|Any CPU.ActiveCfg = Release|Any CPU
		{E09A883D-7E31-48AD-987E-000ADE47DD59}.Release|Any CPU.Build.0 = Release|Any CPU
	EndGlobalSection
	GlobalSection(SolutionProperties) = preSolution
		HideSolutionNode = FALSE
	EndGlobalSection
	GlobalSection(ExtensibilityGlobals) = postSolution
		SolutionGuid = {BB34A44B-5A3A-4F06-B092-37834A5D2566}
	EndGlobalSection
EndGlobal
